
Microsoft Visual Studio Solution File, Format Version 12.00
# Visual Studio Version 16
VisualStudioVersion = 16.0.31424.327
MinimumVisualStudioVersion = 10.0.40219.1
Project("{FAE04EC0-301F-11D3-BF4B-00C04F79EFBC}") = "odin2txt", "odin2txt.csproj", "{512C6F8C-452B-47E4-843C-E7309FBBADD3}"
EndProject
Global
	GlobalSection(SolutionConfigurationPlatforms) = preSolution
		Debug|Any CPU = Debug|Any CPU
		Release|Any CPU = Release|Any CPU
	EndGlobalSection
	GlobalSection(ProjectConfigurationPlatforms) = postSolution
		{512C6F8C-452B-47E4-843C-E7309FBBADD3}.Debug|Any CPU.ActiveCfg = Debug|Any CPU
		{512C6F8C-452B-47E4-843C-E7309FBBADD3}.Debug|Any CPU.Build.0 = Debug|Any CPU
		{512C6F8C-452B-47E4-843C-E7309FBBADD3}.Release|Any CPU.ActiveCfg = Release|Any CPU
		{512C6F8C-452B-47E4-843C-E7309FBBADD3}.Release|Any CPU.Build.0 = Release|Any CPU
	EndGlobalSection
	GlobalSection(SolutionProperties) = preSolution
		HideSolutionNode = FALSE
	EndGlobalSection
	GlobalSection(ExtensibilityGlobals) = postSolution
		SolutionGuid = {66BAD15C-8C3F-4395-B426-0C96F925246F}
	EndGlobalSection
EndGlobal
